
Microsoft Visual Studio Solution File, Format Version 12.00
# Visual Studio Version 17
VisualStudioVersion = 17.2.32616.157
MinimumVisualStudioVersion = 10.0.40219.1
Project("{FAE04EC0-301F-11D3-BF4B-00C04F79EFBC}") = "TestTaskDomain", "TestTask\TestTaskDomain.csproj", "{E5D599D5-AC5F-4D59-8B6F-3DB01F159547}"
EndProject
Project("{FAE04EC0-301F-11D3-BF4B-00C04F79EFBC}") = "TestTaskUII", "TestTaskUII\TestTaskUII.csproj", "{4BDD8CD6-635F-43EF-BEB5-28DD89B237A4}"
EndProject
Global
	GlobalSection(SolutionConfigurationPlatforms) = preSolution
		Debug|Any CPU = Debug|Any CPU
		Release|Any CPU = Release|Any CPU
	EndGlobalSection
	GlobalSection(ProjectConfigurationPlatforms) = postSolution
		{E5D599D5-AC5F-4D59-8B6F-3DB01F159547}.Debug|Any CPU.ActiveCfg = Debug|Any CPU
		{E5D599D5-AC5F-4D59-8B6F-3DB01F159547}.Debug|Any CPU.Build.0 = Debug|Any CPU
		{E5D599D5-AC5F-4D59-8B6F-3DB01F159547}.Release|Any CPU.ActiveCfg = Release|Any CPU
		{E5D599D5-AC5F-4D59-8B6F-3DB01F159547}.Release|Any CPU.Build.0 = Release|Any CPU
		{4BDD8CD6-635F-43EF-BEB5-28DD89B237A4}.Debug|Any CPU.ActiveCfg = Debug|Any CPU
		{4BDD8CD6-635F-43EF-BEB5-28DD89B237A4}.Debug|Any CPU.Build.0 = Debug|Any CPU
		{4BDD8CD6-635F-43EF-BEB5-28DD89B237A4}.Release|Any CPU.ActiveCfg = Release|Any CPU
		{4BDD8CD6-635F-43EF-BEB5-28DD89B237A4}.Release|Any CPU.Build.0 = Release|Any CPU
	EndGlobalSection
	GlobalSection(SolutionProperties) = preSolution
		HideSolutionNode = FALSE
	EndGlobalSection
	GlobalSection(ExtensibilityGlobals) = postSolution
		SolutionGuid = {9CBCCF43-CA27-411D-B385-A25037D4123D}
	EndGlobalSection
EndGlobal
